
Microsoft Visual Studio Solution File, Format Version 12.00
# Visual Studio 15
VisualStudioVersion = 15.0.28010.2046
MinimumVisualStudioVersion = 10.0.40219.1
Project("{FAE04EC0-301F-11D3-BF4B-00C04F79EFBC}") = "Thread_Example_1", "Thread_Example_1\Thread_Example_1.csproj", "{51719B88-0A98-4781-A0AB-D9F0C0813C90}"
EndProject
Project("{FAE04EC0-301F-11D3-BF4B-00C04F79EFBC}") = "Thread_Example_2", "Thread_Example_2\Thread_Example_2.csproj", "{251218AB-2050-48F8-95B3-6E28B5677187}"
EndProject
Project("{FAE04EC0-301F-11D3-BF4B-00C04F79EFBC}") = "Thread_Example_3", "Thread_Example_3\Thread_Example_3.csproj", "{D31A2A65-BE81-4828-BE7A-5729B562A712}"
EndProject
Global
	GlobalSection(SolutionConfigurationPlatforms) = preSolution
		Debug|Any CPU = Debug|Any CPU
		Release|Any CPU = Release|Any CPU
	EndGlobalSection
	GlobalSection(ProjectConfigurationPlatforms) = postSolution
		{51719B88-0A98-4781-A0AB-D9F0C0813C90}.Debug|Any CPU.ActiveCfg = Debug|Any CPU
		{51719B88-0A98-4781-A0AB-D9F0C0813C90}.Debug|Any CPU.Build.0 = Debug|Any CPU
		{51719B88-0A98-4781-A0AB-D9F0C0813C90}.Release|Any CPU.ActiveCfg = Release|Any CPU
		{51719B88-0A98-4781-A0AB-D9F0C0813C90}.Release|Any CPU.Build.0 = Release|Any CPU
		{251218AB-2050-48F8-95B3-6E28B5677187}.Debug|Any CPU.ActiveCfg = Debug|Any CPU
		{251218AB-2050-48F8-95B3-6E28B5677187}.Debug|Any CPU.Build.0 = Debug|Any CPU
		{251218AB-2050-48F8-95B3-6E28B5677187}.Release|Any CPU.ActiveCfg = Release|Any CPU
		{251218AB-2050-48F8-95B3-6E28B5677187}.Release|Any CPU.Build.0 = Release|Any CPU
		{D31A2A65-BE81-4828-BE7A-5729B562A712}.Debug|Any CPU.ActiveCfg = Debug|Any CPU
		{D31A2A65-BE81-4828-BE7A-5729B562A712}.Debug|Any CPU.Build.0 = Debug|Any CPU
		{D31A2A65-BE81-4828-BE7A-5729B562A712}.Release|Any CPU.ActiveCfg = Release|Any CPU
		{D31A2A65-BE81-4828-BE7A-5729B562A712}.Release|Any CPU.Build.0 = Release|Any CPU
	EndGlobalSection
	GlobalSection(SolutionProperties) = preSolution
		HideSolutionNode = FALSE
	EndGlobalSection
	GlobalSection(ExtensibilityGlobals) = postSolution
		SolutionGuid = {1698E68F-E973-410E-B756-BA2714D8C36F}
	EndGlobalSection
EndGlobal
